// !$*UTF8*$!
{
	archiveVersion = 1;
	classes = {
	};
	objectVersion = 56;
	objects = {

/* Begin PBXBuildFile section */
		EE04CA532C8AF8B300D787D7 /* Preview Assets.xcassets in Resources */ = {isa = PBXBuildFile; fileRef = EE04CA432C8AF8B200D787D7 /* Preview Assets.xcassets */; };
		EE04CA542C8AF8B300D787D7 /* Assets.xcassets in Resources */ = {isa = PBXBuildFile; fileRef = EE04CA452C8AF8B200D787D7 /* Assets.xcassets */; };
		EE04CA552C8AF8B300D787D7 /* Landmark.swift in Sources */ = {isa = PBXBuildFile; fileRef = EE04CA462C8AF8B200D787D7 /* Landmark.swift */; };
		EE04CA562C8AF8B300D787D7 /* ModelData.swift in Sources */ = {isa = PBXBuildFile; fileRef = EE04CA472C8AF8B200D787D7 /* ModelData.swift */; };
		EE04CA572C8AF8B300D787D7 /* landmarkData.json in Resources */ = {isa = PBXBuildFile; fileRef = EE04CA492C8AF8B200D787D7 /* landmarkData.json */; };
		EE04CA582C8AF8B300D787D7 /* landmarksApp.swift in Sources */ = {isa = PBXBuildFile; fileRef = EE04CA4B2C8AF8B300D787D7 /* landmarksApp.swift */; };
		EE04CA592C8AF8B300D787D7 /* CircleImage.swift in Sources */ = {isa = PBXBuildFile; fileRef = EE04CA4C2C8AF8B300D787D7 /* CircleImage.swift */; };
		EE04CA5A2C8AF8B300D787D7 /* ContentView.swift in Sources */ = {isa = PBXBuildFile; fileRef = EE04CA4D2C8AF8B300D787D7 /* ContentView.swift */; };
		EE04CA5B2C8AF8B300D787D7 /* LandmarkDetail.swift in Sources */ = {isa = PBXBuildFile; fileRef = EE04CA4E2C8AF8B300D787D7 /* LandmarkDetail.swift */; };
		EE04CA5C2C8AF8B300D787D7 /* LandmarkList.swift in Sources */ = {isa = PBXBuildFile; fileRef = EE04CA4F2C8AF8B300D787D7 /* LandmarkList.swift */; };
		EE04CA5D2C8AF8B300D787D7 /* LandmarkRow.swift in Sources */ = {isa = PBXBuildFile; fileRef = EE04CA502C8AF8B300D787D7 /* LandmarkRow.swift */; };
		EE04CA5E2C8AF8B300D787D7 /* MapView.swift in Sources */ = {isa = PBXBuildFile; fileRef = EE04CA512C8AF8B300D787D7 /* MapView.swift */; };
		EEA620622C8D69AA004B75C4 /* FavoriteButton.swift in Sources */ = {isa = PBXBuildFile; fileRef = EEA620612C8D69AA004B75C4 /* FavoriteButton.swift */; };
/* End PBXBuildFile section */

/* Begin PBXFileReference section */
		EE04CA322C8AF87800D787D7 /* landmark.app */ = {isa = PBXFileReference; explicitFileType = wrapper.application; includeInIndex = 0; path = landmark.app; sourceTree = BUILT_PRODUCTS_DIR; };
		EE04CA432C8AF8B200D787D7 /* Preview Assets.xcassets */ = {isa = PBXFileReference; lastKnownFileType = folder.assetcatalog; path = "Preview Assets.xcassets"; sourceTree = "<group>"; };
		EE04CA452C8AF8B200D787D7 /* Assets.xcassets */ = {isa = PBXFileReference; lastKnownFileType = folder.assetcatalog; path = Assets.xcassets; sourceTree = "<group>"; };
		EE04CA462C8AF8B200D787D7 /* Landmark.swift */ = {isa = PBXFileReference; fileEncoding = 4; lastKnownFileType = sourcecode.swift; path = Landmark.swift; sourceTree = "<group>"; };
		EE04CA472C8AF8B200D787D7 /* ModelData.swift */ = {isa = PBXFileReference; fileEncoding = 4; lastKnownFileType = sourcecode.swift; path = ModelData.swift; sourceTree = "<group>"; };
		EE04CA492C8AF8B200D787D7 /* landmarkData.json */ = {isa = PBXFileReference; fileEncoding = 4; lastKnownFileType = text.json; path = landmarkData.json; sourceTree = "<group>"; };
		EE04CA4B2C8AF8B300D787D7 /* landmarksApp.swift */ = {isa = PBXFileReference; fileEncoding = 4; lastKnownFileType = sourcecode.swift; path = landmarksApp.swift; sourceTree = "<group>"; };
		EE04CA4C2C8AF8B300D787D7 /* CircleImage.swift */ = {isa = PBXFileReference; fileEncoding = 4; lastKnownFileType = sourcecode.swift; path = CircleImage.swift; sourceTree = "<group>"; };
		EE04CA4D2C8AF8B300D787D7 /* ContentView.swift */ = {isa = PBXFileReference; fileEncoding = 4; lastKnownFileType = sourcecode.swift; path = ContentView.swift; sourceTree = "<group>"; };
		EE04CA4E2C8AF8B300D787D7 /* LandmarkDetail.swift */ = {isa = PBXFileReference; fileEncoding = 4; lastKnownFileType = sourcecode.swift; path = LandmarkDetail.swift; sourceTree = "<group>"; };
		EE04CA4F2C8AF8B300D787D7 /* LandmarkList.swift */ = {isa = PBXFileReference; fileEncoding = 4; lastKnownFileType = sourcecode.swift; path = LandmarkList.swift; sourceTree = "<group>"; };
		EE04CA502C8AF8B300D787D7 /* LandmarkRow.swift */ = {isa = PBXFileReference; fileEncoding = 4; lastKnownFileType = sourcecode.swift; path = LandmarkRow.swift; sourceTree = "<group>"; };
		EE04CA512C8AF8B300D787D7 /* MapView.swift */ = {isa = PBXFileReference; fileEncoding = 4; lastKnownFileType = sourcecode.swift; path = MapView.swift; sourceTree = "<group>"; };
		EEA620612C8D69AA004B75C4 /* FavoriteButton.swift */ = {isa = PBXFileReference; lastKnownFileType = sourcecode.swift; path = FavoriteButton.swift; sourceTree = "<group>"; };
/* End PBXFileReference section */

/* Begin PBXFrameworksBuildPhase section */
		EE04CA2F2C8AF87800D787D7 /* Frameworks */ = {
			isa = PBXFrameworksBuildPhase;
			buildActionMask = 2147483647;
			files = (
			);
			runOnlyForDeploymentPostprocessing = 0;
		};
/* End PBXFrameworksBuildPhase section */

/* Begin PBXGroup section */
		EE04CA292C8AF87800D787D7 = {
			isa = PBXGroup;
			children = (
				EE04CA342C8AF87800D787D7 /* landmark */,
				EE04CA332C8AF87800D787D7 /* Products */,
			);
			sourceTree = "<group>";
		};
		EE04CA332C8AF87800D787D7 /* Products */ = {
			isa = PBXGroup;
			children = (
				EE04CA322C8AF87800D787D7 /* landmark.app */,
			);
			name = Products;
			sourceTree = "<group>";
		};
		EE04CA342C8AF87800D787D7 /* landmark */ = {
			isa = PBXGroup;
			children = (
				EE04CA452C8AF8B200D787D7 /* Assets.xcassets */,
				EE04CA4B2C8AF8B300D787D7 /* landmarksApp.swift */,
				EE04CA482C8AF8B200D787D7 /* Model */,
				EE04CA442C8AF8B200D787D7 /* Preview Content */,
				EE04CA4A2C8AF8B200D787D7 /* Resources */,
				EE04CA522C8AF8B300D787D7 /* Views */,
			);
			path = landmark;
			sourceTree = "<group>";
		};
		EE04CA442C8AF8B200D787D7 /* Preview Content */ = {
			isa = PBXGroup;
			children = (
				EE04CA432C8AF8B200D787D7 /* Preview Assets.xcassets */,
			);
			path = "Preview Content";
			sourceTree = "<group>";
		};
		EE04CA482C8AF8B200D787D7 /* Model */ = {
			isa = PBXGroup;
			children = (
				EE04CA462C8AF8B200D787D7 /* Landmark.swift */,
				EE04CA472C8AF8B200D787D7 /* ModelData.swift */,
			);
			path = Model;
			sourceTree = "<group>";
		};
		EE04CA4A2C8AF8B200D787D7 /* Resources */ = {
			isa = PBXGroup;
			children = (
				EE04CA492C8AF8B200D787D7 /* landmarkData.json */,
			);
			path = Resources;
			sourceTree = "<group>";
		};
		EE04CA522C8AF8B300D787D7 /* Views */ = {
			isa = PBXGroup;
			children = (
				EE04CA4C2C8AF8B300D787D7 /* CircleImage.swift */,
				EE04CA4D2C8AF8B300D787D7 /* ContentView.swift */,
				EE04CA4E2C8AF8B300D787D7 /* LandmarkDetail.swift */,
				EE04CA4F2C8AF8B300D787D7 /* LandmarkList.swift */,
				EE04CA502C8AF8B300D787D7 /* LandmarkRow.swift */,
				EE04CA512C8AF8B300D787D7 /* MapView.swift */,
				EEA620612C8D69AA004B75C4 /* FavoriteButton.swift */,
			);
			path = Views;
			sourceTree = "<group>";
		};
/* End PBXGroup section */

/* Begin PBXNativeTarget section */
		EE04CA312C8AF87800D787D7 /* landmark */ = {
			isa = PBXNativeTarget;
			buildConfigurationList = EE04CA402C8AF87900D787D7 /* Build configuration list for PBXNativeTarget "landmark" */;
			buildPhases = (
				EE04CA2E2C8AF87800D787D7 /* Sources */,
				EE04CA2F2C8AF87800D787D7 /* Frameworks */,
				EE04CA302C8AF87800D787D7 /* Resources */,
			);
			buildRules = (
			);
			dependencies = (
			);
			name = landmark;
			productName = landmark;
			productReference = EE04CA322C8AF87800D787D7 /* landmark.app */;
			productType = "com.apple.product-type.application";
		};
/* End PBXNativeTarget section */

/* Begin PBXProject section */
		EE04CA2A2C8AF87800D787D7 /* Project object */ = {
			isa = PBXProject;
			attributes = {
				BuildIndependentTargetsInParallel = 1;
				LastSwiftUpdateCheck = 1540;
				LastUpgradeCheck = 1540;
				TargetAttributes = {
					EE04CA312C8AF87800D787D7 = {
						CreatedOnToolsVersion = 15.4;
						LastSwiftMigration = 1540;
					};
				};
			};
			buildConfigurationList = EE04CA2D2C8AF87800D787D7 /* Build configuration list for PBXProject "landmark" */;
			compatibilityVersion = "Xcode 14.0";
			developmentRegion = en;
			hasScannedForEncodings = 0;
			knownRegions = (
				en,
				Base,
			);
			mainGroup = EE04CA292C8AF87800D787D7;
			productRefGroup = EE04CA332C8AF87800D787D7 /* Products */;
			projectDirPath = "";
			projectRoot = "";
			targets = (
				EE04CA312C8AF87800D787D7 /* landmark */,
			);
		};
/* End PBXProject section */

/* Begin PBXResourcesBuildPhase section */
		EE04CA302C8AF87800D787D7 /* Resources */ = {
			isa = PBXResourcesBuildPhase;
			buildActionMask = 2147483647;
			files = (
				EE04CA542C8AF8B300D787D7 /* Assets.xcassets in Resources */,
				EE04CA532C8AF8B300D787D7 /* Preview Assets.xcassets in Resources */,
				EE04CA572C8AF8B300D787D7 /* landmarkData.json in Resources */,
			);
			runOnlyForDeploymentPostprocessing = 0;
		};
/* End PBXResourcesBuildPhase section */

/* Begin PBXSourcesBuildPhase section */
		EE04CA2E2C8AF87800D787D7 /* Sources */ = {
			isa = PBXSourcesBuildPhase;
			buildActionMask = 2147483647;
			files = (
				EE04CA552C8AF8B300D787D7 /* Landmark.swift in Sources */,
				EE04CA5A2C8AF8B300D787D7 /* ContentView.swift in Sources */,
				EE04CA592C8AF8B300D787D7 /* CircleImage.swift in Sources */,
				EEA620622C8D69AA004B75C4 /* FavoriteButton.swift in Sources */,
				EE04CA5C2C8AF8B300D787D7 /* LandmarkList.swift in Sources */,
				EE04CA562C8AF8B300D787D7 /* ModelData.swift in Sources */,
				EE04CA5B2C8AF8B300D787D7 /* LandmarkDetail.swift in Sources */,
				EE04CA5D2C8AF8B300D787D7 /* LandmarkRow.swift in Sources */,
				EE04CA5E2C8AF8B300D787D7 /* MapView.swift in Sources */,
				EE04CA582C8AF8B300D787D7 /* landmarksApp.swift in Sources */,
			);
			runOnlyForDeploymentPostprocessing = 0;
		};
/* End PBXSourcesBuildPhase section */

/* Begin XCBuildConfiguration section */
		EE04CA3E2C8AF87900D787D7 /* Debug */ = {
			isa = XCBuildConfiguration;
			buildSettings = {
				ALWAYS_SEARCH_USER_PATHS = NO;
				ASSETCATALOG_COMPILER_GENERATE_SWIFT_ASSET_SYMBOL_EXTENSIONS = YES;
				CLANG_ANALYZER_NONNULL = YES;
				CLANG_ANALYZER_NUMBER_OBJECT_CONVERSION = YES_AGGRESSIVE;
				CLANG_CXX_LANGUAGE_STANDARD = "gnu++20";
				CLANG_ENABLE_MODULES = YES;
				CLANG_ENABLE_OBJC_ARC = YES;
				CLANG_ENABLE_OBJC_WEAK = YES;
				CLANG_WARN_BLOCK_CAPTURE_AUTORELEASING = YES;
				CLANG_WARN_BOOL_CONVERSION = YES;
				CLANG_WARN_COMMA = YES;
				CLANG_WARN_CONSTANT_CONVERSION = YES;
				CLANG_WARN_DEPRECATED_OBJC_IMPLEMENTATIONS = YES;
				CLANG_WARN_DIRECT_OBJC_ISA_USAGE = YES_ERROR;
				CLANG_WARN_DOCUMENTATION_COMMENTS = YES;
				CLANG_WARN_EMPTY_BODY = YES;
				CLANG_WARN_ENUM_CONVERSION = YES;
				CLANG_WARN_INFINITE_RECURSION = YES;
				CLANG_WARN_INT_CONVERSION = YES;
				CLANG_WARN_NON_LITERAL_NULL_CONVERSION = YES;
				CLANG_WARN_OBJC_IMPLICIT_RETAIN_SELF = YES;
				CLANG_WARN_OBJC_LITERAL_CONVERSION = YES;
				CLANG_WARN_OBJC_ROOT_CLASS = YES_ERROR;
				CLANG_WARN_QUOTED_INCLUDE_IN_FRAMEWORK_HEADER = YES;
				CLANG_WARN_RANGE_LOOP_ANALYSIS = YES;
				CLANG_WARN_STRICT_PROTOTYPES = YES;
				CLANG_WARN_SUSPICIOUS_MOVE = YES;
				CLANG_WARN_UNGUARDED_AVAILABILITY = YES_AGGRESSIVE;
				CLANG_WARN_UNREACHABLE_CODE = YES;
				CLANG_WARN__DUPLICATE_METHOD_MATCH = YES;
				COPY_PHASE_STRIP = NO;
				DEBUG_INFORMATION_FORMAT = dwarf;
				ENABLE_STRICT_OBJC_MSGSEND = YES;
				ENABLE_TESTABILITY = YES;
				ENABLE_USER_SCRIPT_SANDBOXING = YES;
				GCC_C_LANGUAGE_STANDARD = gnu17;
				GCC_DYNAMIC_NO_PIC = NO;
				GCC_NO_COMMON_BLOCKS = YES;
				GCC_OPTIMIZATION_LEVEL = 0;
				GCC_PREPROCESSOR_DEFINITIONS = (
					"DEBUG=1",
					"$(inherited)",
				);
				GCC_WARN_64_TO_32_BIT_CONVERSION = YES;
				GCC_WARN_ABOUT_RETURN_TYPE = YES_ERROR;
				GCC_WARN_UNDECLARED_SELECTOR = YES;
				GCC_WARN_UNINITIALIZED_AUTOS = YES_AGGRESSIVE;
				GCC_WARN_UNUSED_FUNCTION = YES;
				GCC_WARN_UNUSED_VARIABLE = YES;
				IPHONEOS_DEPLOYMENT_TARGET = 17.5;
				LOCALIZATION_PREFERS_STRING_CATALOGS = YES;
				MTL_ENABLE_DEBUG_INFO = INCLUDE_SOURCE;
				MTL_FAST_MATH = YES;
				ONLY_ACTIVE_ARCH = YES;
				SDKROOT = iphoneos;
				SWIFT_ACTIVE_COMPILATION_CONDITIONS = "DEBUG $(inherited)";
				SWIFT_OPTIMIZATION_LEVEL = "-Onone";
			};
			name = Debug;
		};
		EE04CA3F2C8AF87900D787D7 /* Release */ = {
			isa = XCBuildConfiguration;
			buildSettings = {
				ALWAYS_SEARCH_USER_PATHS = NO;
				ASSETCATALOG_COMPILER_GENERATE_SWIFT_ASSET_SYMBOL_EXTENSIONS = YES;
				CLANG_ANALYZER_NONNULL = YES;
				CLANG_ANALYZER_NUMBER_OBJECT_CONVERSION = YES_AGGRESSIVE;
				CLANG_CXX_LANGUAGE_STANDARD = "gnu++20";
				CLANG_ENABLE_MODULES = YES;
				CLANG_ENABLE_OBJC_ARC = YES;
				CLANG_ENABLE_OBJC_WEAK = YES;
				CLANG_WARN_BLOCK_CAPTURE_AUTORELEASING = YES;
				CLANG_WARN_BOOL_CONVERSION = YES;
				CLANG_WARN_COMMA = YES;
				CLANG_WARN_CONSTANT_CONVERSION = YES;
				CLANG_WARN_DEPRECATED_OBJC_IMPLEMENTATIONS = YES;
				CLANG_WARN_DIRECT_OBJC_ISA_USAGE = YES_ERROR;
				CLANG_WARN_DOCUMENTATION_COMMENTS = YES;
				CLANG_WARN_EMPTY_BODY = YES;
				CLANG_WARN_ENUM_CONVERSION = YES;
				CLANG_WARN_INFINITE_RECURSION = YES;
				CLANG_WARN_INT_CONVERSION = YES;
				CLANG_WARN_NON_LITERAL_NULL_CONVERSION = YES;
				CLANG_WARN_OBJC_IMPLICIT_RETAIN_SELF = YES;
				CLANG_WARN_OBJC_LITERAL_CONVERSION = YES;
				CLANG_WARN_OBJC_ROOT_CLASS = YES_ERROR;
				CLANG_WARN_QUOTED_INCLUDE_IN_FRAMEWORK_HEADER = YES;
				CLANG_WARN_RANGE_LOOP_ANALYSIS = YES;
				CLANG_WARN_STRICT_PROTOTYPES = YES;
				CLANG_WARN_SUSPICIOUS_MOVE = YES;
				CLANG_WARN_UNGUARDED_AVAILABILITY = YES_AGGRESSIVE;
				CLANG_WARN_UNREACHABLE_CODE = YES;
				CLANG_WARN__DUPLICATE_METHOD_MATCH = YES;
				COPY_PHASE_STRIP = NO;
				DEBUG_INFORMATION_FORMAT = "dwarf-with-dsym";
				ENABLE_NS_ASSERTIONS = NO;
				ENABLE_STRICT_OBJC_MSGSEND = YES;
				ENABLE_USER_SCRIPT_SANDBOXING = YES;
				GCC_C_LANGUAGE_STANDARD = gnu17;
				GCC_NO_COMMON_BLOCKS = YES;
				GCC_WARN_64_TO_32_BIT_CONVERSION = YES;
				GCC_WARN_ABOUT_RETURN_TYPE = YES_ERROR;
				GCC_WARN_UNDECLARED_SELECTOR = YES;
				GCC_WARN_UNINITIALIZED_AUTOS = YES_AGGRESSIVE;
				GCC_WARN_UNUSED_FUNCTION = YES;
				GCC_WARN_UNUSED_VARIABLE = YES;
				IPHONEOS_DEPLOYMENT_TARGET = 17.5;
				LOCALIZATION_PREFERS_STRING_CATALOGS = YES;
				MTL_ENABLE_DEBUG_INFO = NO;
				MTL_FAST_MATH = YES;
				SDKROOT = iphoneos;
				SWIFT_COMPILATION_MODE = wholemodule;
				VALIDATE_PRODUCT = YES;
			};
			name = Release;
		};
		EE04CA412C8AF87900D787D7 /* Debug */ = {
			isa = XCBuildConfiguration;
			buildSettings = {
				ASSETCATALOG_COMPILER_APPICON_NAME = AppIcon;
				ASSETCATALOG_COMPILER_GLOBAL_ACCENT_COLOR_NAME = AccentColor;
				CLANG_ENABLE_MODULES = YES;
				CODE_SIGN_STYLE = Automatic;
				CURRENT_PROJECT_VERSION = 1;
				DEVELOPMENT_ASSET_PATHS = "\"landmark/Preview Content\"";
				DEVELOPMENT_TEAM = L8VVP8V2B3;
				ENABLE_PREVIEWS = YES;
				GENERATE_INFOPLIST_FILE = YES;
				INFOPLIST_KEY_UIApplicationSceneManifest_Generation = YES;
				INFOPLIST_KEY_UIApplicationSupportsIndirectInputEvents = YES;
				INFOPLIST_KEY_UILaunchScreen_Generation = YES;
				INFOPLIST_KEY_UISupportedInterfaceOrientations_iPad = "UIInterfaceOrientationPortrait UIInterfaceOrientationPortraitUpsideDown UIInterfaceOrientationLandscapeLeft UIInterfaceOrientationLandscapeRight";
				INFOPLIST_KEY_UISupportedInterfaceOrientations_iPhone = "UIInterfaceOrientationPortrait UIInterfaceOrientationLandscapeLeft UIInterfaceOrientationLandscapeRight";
				LD_RUNPATH_SEARCH_PATHS = (
					"$(inherited)",
					"@executable_path/Frameworks",
				);
				MARKETING_VERSION = 1.0;
				PRODUCT_BUNDLE_IDENTIFIER = site.bestow.landmark;
				PRODUCT_NAME = "$(TARGET_NAME)";
				SWIFT_EMIT_LOC_STRINGS = YES;
				SWIFT_OPTIMIZATION_LEVEL = "-Onone";
				SWIFT_VERSION = 5.0;
				TARGETED_DEVICE_FAMILY = "1,2";
			};
			name = Debug;
		};
		EE04CA422C8AF87900D787D7 /* Release */ = {
			isa = XCBuildConfiguration;
			buildSettings = {
				ASSETCATALOG_COMPILER_APPICON_NAME = AppIcon;
				ASSETCATALOG_COMPILER_GLOBAL_ACCENT_COLOR_NAME = AccentColor;
				CLANG_ENABLE_MODULES = YES;
				CODE_SIGN_STYLE = Automatic;
				CURRENT_PROJECT_VERSION = 1;
				DEVELOPMENT_ASSET_PATHS = "\"landmark/Preview Content\"";
				DEVELOPMENT_TEAM = L8VVP8V2B3;
				ENABLE_PREVIEWS = YES;
				GENERATE_INFOPLIST_FILE = YES;
				INFOPLIST_KEY_UIApplicationSceneManifest_Generation = YES;
				INFOPLIST_KEY_UIApplicationSupportsIndirectInputEvents = YES;
				INFOPLIST_KEY_UILaunchScreen_Generation = YES;
				INFOPLIST_KEY_UISupportedInterfaceOrientations_iPad = "UIInterfaceOrientationPortrait UIInterfaceOrientationPortraitUpsideDown UIInterfaceOrientationLandscapeLeft UIInterfaceOrientationLandscapeRight";
				INFOPLIST_KEY_UISupportedInterfaceOrientations_iPhone = "UIInterfaceOrientationPortrait UIInterfaceOrientationLandscapeLeft UIInterfaceOrientationLandscapeRight";
				LD_RUNPATH_SEARCH_PATHS = (
					"$(inherited)",
					"@executable_path/Frameworks",
				);
				MARKETING_VERSION = 1.0;
				PRODUCT_BUNDLE_IDENTIFIER = site.bestow.landmark;
				PRODUCT_NAME = "$(TARGET_NAME)";
				SWIFT_EMIT_LOC_STRINGS = YES;
				SWIFT_VERSION = 5.0;
				TARGETED_DEVICE_FAMILY = "1,2";
			};
			name = Release;
		};
/* End XCBuildConfiguration section */

/* Begin XCConfigurationList section */
		EE04CA2D2C8AF87800D787D7 /* Build configuration list for PBXProject "landmark" */ = {
			isa = XCConfigurationList;
			buildConfigurations = (
				EE04CA3E2C8AF87900D787D7 /* Debug */,
				EE04CA3F2C8AF87900D787D7 /* Release */,
			);
			defaultConfigurationIsVisible = 0;
			defaultConfigurationName = Release;
		};
		EE04CA402C8AF87900D787D7 /* Build configuration list for PBXNativeTarget "landmark" */ = {
			isa = XCConfigurationList;
			buildConfigurations = (
				EE04CA412C8AF87900D787D7 /* Debug */,
				EE04CA422C8AF87900D787D7 /* Release */,
			);
			defaultConfigurationIsVisible = 0;
			defaultConfigurationName = Release;
		};
/* End XCConfigurationList section */
	};
	rootObject = EE04CA2A2C8AF87800D787D7 /* Project object */;
}
